// !$*UTF8*$!
{
	archiveVersion = 1;
	classes = {
	};
	objectVersion = 45;
	objects = {

/* Begin PBXBuildFile section */
		1D3623260D0F684500981E51 /* ClockClockAppDelegate.mm in Sources */ = {isa = PBXBuildFile; fileRef = 1D3623250D0F684500981E51 /* ClockClockAppDelegate.mm */; };
		1D60589B0D05DD56006BFB54 /* main.m in Sources */ = {isa = PBXBuildFile; fileRef = 29B97316FDCFA39411CA2CEA /* main.m */; };
		1D60589F0D05DD5A006BFB54 /* Foundation.framework in Frameworks */ = {isa = PBXBuildFile; fileRef = 1D30AB110D05D00D00671497 /* Foundation.framework */; };
		1DF5F4E00D08C38300B7A737 /* UIKit.framework in Frameworks */ = {isa = PBXBuildFile; fileRef = 1DF5F4DF0D08C38300B7A737 /* UIKit.framework */; };
		288765A50DF7441C002DB57D /* CoreGraphics.framework in Frameworks */ = {isa = PBXBuildFile; fileRef = 288765A40DF7441C002DB57D /* CoreGraphics.framework */; };
		2899E5220DE3E06400AC0155 /* ClockClockViewController.xib in Resources */ = {isa = PBXBuildFile; fileRef = 2899E5210DE3E06400AC0155 /* ClockClockViewController.xib */; };
		28AD733F0D9D9553002E5188 /* MainWindow.xib in Resources */ = {isa = PBXBuildFile; fileRef = 28AD733E0D9D9553002E5188 /* MainWindow.xib */; };
		28D7ACF80DDB3853001CB0EB /* ClockClockViewController.mm in Sources */ = {isa = PBXBuildFile; fileRef = 28D7ACF70DDB3853001CB0EB /* ClockClockViewController.mm */; };
		6071B1661166E26500F61445 /* Utils.mm in Sources */ = {isa = PBXBuildFile; fileRef = 6071B1641166E26500F61445 /* Utils.mm */; };
		609F9F5C115FF7FA004FFB65 /* SettingsViewController.mm in Sources */ = {isa = PBXBuildFile; fileRef = 609F9F5A115FF7FA004FFB65 /* SettingsViewController.mm */; };
		609F9F5D115FF7FA004FFB65 /* SettingsViewController.xib in Resources */ = {isa = PBXBuildFile; fileRef = 609F9F5B115FF7FA004FFB65 /* SettingsViewController.xib */; };
		609FA1781160BAE7004FFB65 /* Settings.mm in Sources */ = {isa = PBXBuildFile; fileRef = 609FA1771160BAE7004FFB65 /* Settings.mm */; };
		609FA28E1160D925004FFB65 /* AlarmTimeViewController.mm in Sources */ = {isa = PBXBuildFile; fileRef = 609FA28C1160D925004FFB65 /* AlarmTimeViewController.mm */; };
		609FA28F1160D925004FFB65 /* AlarmTimeViewController.xib in Resources */ = {isa = PBXBuildFile; fileRef = 609FA28D1160D925004FFB65 /* AlarmTimeViewController.xib */; };
		609FA2991160DB56004FFB65 /* AlarmViewController.mm in Sources */ = {isa = PBXBuildFile; fileRef = 609FA2971160DB56004FFB65 /* AlarmViewController.mm */; };
		609FA29A1160DB56004FFB65 /* AlarmViewController.xib in Resources */ = {isa = PBXBuildFile; fileRef = 609FA2981160DB56004FFB65 /* AlarmViewController.xib */; };
		609FA2EE1160E89F004FFB65 /* AlarmRepeatViewController.mm in Sources */ = {isa = PBXBuildFile; fileRef = 609FA2EC1160E89F004FFB65 /* AlarmRepeatViewController.mm */; };
		609FA2EF1160E89F004FFB65 /* AlarmRepeatViewController.xib in Resources */ = {isa = PBXBuildFile; fileRef = 609FA2ED1160E89F004FFB65 /* AlarmRepeatViewController.xib */; };
		609FA30A1160EB93004FFB65 /* AlarmNameViewController.mm in Sources */ = {isa = PBXBuildFile; fileRef = 609FA3081160EB93004FFB65 /* AlarmNameViewController.mm */; };
		609FA30B1160EB93004FFB65 /* AlarmNameViewController.xib in Resources */ = {isa = PBXBuildFile; fileRef = 609FA3091160EB93004FFB65 /* AlarmNameViewController.xib */; };
		609FA49211611B18004FFB65 /* AlarmSoundViewController.mm in Sources */ = {isa = PBXBuildFile; fileRef = 609FA49011611B18004FFB65 /* AlarmSoundViewController.mm */; };
		609FA49311611B18004FFB65 /* AlarmSoundViewController.xib in Resources */ = {isa = PBXBuildFile; fileRef = 609FA49111611B18004FFB65 /* AlarmSoundViewController.xib */; };
		609FA4A611612115004FFB65 /* alarms in Resources */ = {isa = PBXBuildFile; fileRef = 609FA4A211612115004FFB65 /* alarms */; };
		60BCC142115700A000844D6A /* SecondsView.mm in Sources */ = {isa = PBXBuildFile; fileRef = 60BCC141115700A000844D6A /* SecondsView.mm */; };
		60BCC1CB115712EB00844D6A /* tick.wav in Resources */ = {isa = PBXBuildFile; fileRef = 60BCC1CA115712EB00844D6A /* tick.wav */; };
		60BCC1F71157166B00844D6A /* AVFoundation.framework in Frameworks */ = {isa = PBXBuildFile; fileRef = 60BCC1F61157166B00844D6A /* AVFoundation.framework */; };
		60CBFD6811567E980019B195 /* Default.png in Resources */ = {isa = PBXBuildFile; fileRef = 60CBFD6711567E980019B195 /* Default.png */; };
		60CBFD841156810A0019B195 /* Icon.png in Resources */ = {isa = PBXBuildFile; fileRef = 60CBFD831156810A0019B195 /* Icon.png */; };
		60DBB4891156A140001E7FB2 /* background.png in Resources */ = {isa = PBXBuildFile; fileRef = 60DBB4881156A140001E7FB2 /* background.png */; };
		60DBB5371156B0B6001E7FB2 /* ClockView.mm in Sources */ = {isa = PBXBuildFile; fileRef = 60DBB5361156B0B6001E7FB2 /* ClockView.mm */; };
		60DBB66B1156C8C2001E7FB2 /* ClockClockWindow.mm in Sources */ = {isa = PBXBuildFile; fileRef = 60DBB66A1156C8C2001E7FB2 /* ClockClockWindow.mm */; };
		60F3218B116904DF00B1FF60 /* AudioToolbox.framework in Frameworks */ = {isa = PBXBuildFile; fileRef = 60F3218A116904DF00B1FF60 /* AudioToolbox.framework */; };
/* End PBXBuildFile section */

/* Begin PBXFileReference section */
		1D30AB110D05D00D00671497 /* Foundation.framework */ = {isa = PBXFileReference; lastKnownFileType = wrapper.framework; name = Foundation.framework; path = System/Library/Frameworks/Foundation.framework; sourceTree = SDKROOT; };
		1D3623240D0F684500981E51 /* ClockClockAppDelegate.h */ = {isa = PBXFileReference; fileEncoding = 4; lastKnownFileType = sourcecode.c.h; path = ClockClockAppDelegate.h; sourceTree = "<group>"; };
		1D3623250D0F684500981E51 /* ClockClockAppDelegate.mm */ = {isa = PBXFileReference; fileEncoding = 4; lastKnownFileType = sourcecode.cpp.objcpp; path = ClockClockAppDelegate.mm; sourceTree = "<group>"; };
		1D6058910D05DD3D006BFB54 /* ClockClock.app */ = {isa = PBXFileReference; explicitFileType = wrapper.application; includeInIndex = 0; path = ClockClock.app; sourceTree = BUILT_PRODUCTS_DIR; };
		1DF5F4DF0D08C38300B7A737 /* UIKit.framework */ = {isa = PBXFileReference; lastKnownFileType = wrapper.framework; name = UIKit.framework; path = System/Library/Frameworks/UIKit.framework; sourceTree = SDKROOT; };
		288765A40DF7441C002DB57D /* CoreGraphics.framework */ = {isa = PBXFileReference; lastKnownFileType = wrapper.framework; name = CoreGraphics.framework; path = System/Library/Frameworks/CoreGraphics.framework; sourceTree = SDKROOT; };
		2899E5210DE3E06400AC0155 /* ClockClockViewController.xib */ = {isa = PBXFileReference; lastKnownFileType = file.xib; path = ClockClockViewController.xib; sourceTree = "<group>"; };
		28AD733E0D9D9553002E5188 /* MainWindow.xib */ = {isa = PBXFileReference; lastKnownFileType = file.xib; path = MainWindow.xib; sourceTree = "<group>"; };
		28D7ACF60DDB3853001CB0EB /* ClockClockViewController.h */ = {isa = PBXFileReference; fileEncoding = 4; lastKnownFileType = sourcecode.c.h; path = ClockClockViewController.h; sourceTree = "<group>"; };
		28D7ACF70DDB3853001CB0EB /* ClockClockViewController.mm */ = {isa = PBXFileReference; fileEncoding = 4; lastKnownFileType = sourcecode.cpp.objcpp; path = ClockClockViewController.mm; sourceTree = "<group>"; };
		29B97316FDCFA39411CA2CEA /* main.m */ = {isa = PBXFileReference; fileEncoding = 4; lastKnownFileType = sourcecode.c.objc; path = main.m; sourceTree = "<group>"; };
		32CA4F630368D1EE00C91783 /* ClockClock_Prefix.pch */ = {isa = PBXFileReference; fileEncoding = 4; lastKnownFileType = sourcecode.c.h; path = ClockClock_Prefix.pch; sourceTree = "<group>"; };
		6071B1641166E26500F61445 /* Utils.mm */ = {isa = PBXFileReference; fileEncoding = 4; lastKnownFileType = sourcecode.cpp.objcpp; path = Utils.mm; sourceTree = "<group>"; };
		6071B1651166E26500F61445 /* Utils.h */ = {isa = PBXFileReference; fileEncoding = 4; lastKnownFileType = sourcecode.c.h; path = Utils.h; sourceTree = "<group>"; };
		609F9F59115FF7FA004FFB65 /* SettingsViewController.h */ = {isa = PBXFileReference; fileEncoding = 4; lastKnownFileType = sourcecode.c.h; path = SettingsViewController.h; sourceTree = "<group>"; };
		609F9F5A115FF7FA004FFB65 /* SettingsViewController.mm */ = {isa = PBXFileReference; fileEncoding = 4; lastKnownFileType = sourcecode.cpp.objcpp; path = SettingsViewController.mm; sourceTree = "<group>"; };
		609F9F5B115FF7FA004FFB65 /* SettingsViewController.xib */ = {isa = PBXFileReference; lastKnownFileType = file.xib; path = SettingsViewController.xib; sourceTree = "<group>"; };
		609FA05A11602BCC004FFB65 /* Settings.h */ = {isa = PBXFileReference; fileEncoding = 4; lastKnownFileType = sourcecode.c.h; path = Settings.h; sourceTree = "<group>"; };
		609FA1771160BAE7004FFB65 /* Settings.mm */ = {isa = PBXFileReference; fileEncoding = 4; lastKnownFileType = sourcecode.cpp.objcpp; path = Settings.mm; sourceTree = "<group>"; };
		609FA28B1160D925004FFB65 /* AlarmTimeViewController.h */ = {isa = PBXFileReference; fileEncoding = 4; lastKnownFileType = sourcecode.c.h; path = AlarmTimeViewController.h; sourceTree = "<group>"; };
		609FA28C1160D925004FFB65 /* AlarmTimeViewController.mm */ = {isa = PBXFileReference; fileEncoding = 4; lastKnownFileType = sourcecode.cpp.objcpp; path = AlarmTimeViewController.mm; sourceTree = "<group>"; };
		609FA28D1160D925004FFB65 /* AlarmTimeViewController.xib */ = {isa = PBXFileReference; lastKnownFileType = file.xib; path = AlarmTimeViewController.xib; sourceTree = "<group>"; };
		609FA2961160DB56004FFB65 /* AlarmViewController.h */ = {isa = PBXFileReference; fileEncoding = 4; lastKnownFileType = sourcecode.c.h; path = AlarmViewController.h; sourceTree = "<group>"; };
		609FA2971160DB56004FFB65 /* AlarmViewController.mm */ = {isa = PBXFileReference; fileEncoding = 4; lastKnownFileType = sourcecode.cpp.objcpp; path = AlarmViewController.mm; sourceTree = "<group>"; };
		609FA2981160DB56004FFB65 /* AlarmViewController.xib */ = {isa = PBXFileReference; lastKnownFileType = file.xib; path = AlarmViewController.xib; sourceTree = "<group>"; };
		609FA2EB1160E89F004FFB65 /* AlarmRepeatViewController.h */ = {isa = PBXFileReference; fileEncoding = 4; lastKnownFileType = sourcecode.c.h; path = AlarmRepeatViewController.h; sourceTree = "<group>"; };
		609FA2EC1160E89F004FFB65 /* AlarmRepeatViewController.mm */ = {isa = PBXFileReference; fileEncoding = 4; lastKnownFileType = sourcecode.cpp.objcpp; path = AlarmRepeatViewController.mm; sourceTree = "<group>"; };
		609FA2ED1160E89F004FFB65 /* AlarmRepeatViewController.xib */ = {isa = PBXFileReference; lastKnownFileType = file.xib; path = AlarmRepeatViewController.xib; sourceTree = "<group>"; };
		609FA3071160EB93004FFB65 /* AlarmNameViewController.h */ = {isa = PBXFileReference; fileEncoding = 4; lastKnownFileType = sourcecode.c.h; path = AlarmNameViewController.h; sourceTree = "<group>"; };
		609FA3081160EB93004FFB65 /* AlarmNameViewController.mm */ = {isa = PBXFileReference; fileEncoding = 4; lastKnownFileType = sourcecode.cpp.objcpp; path = AlarmNameViewController.mm; sourceTree = "<group>"; };
		609FA3091160EB93004FFB65 /* AlarmNameViewController.xib */ = {isa = PBXFileReference; lastKnownFileType = file.xib; path = AlarmNameViewController.xib; sourceTree = "<group>"; };
		609FA48F11611B18004FFB65 /* AlarmSoundViewController.h */ = {isa = PBXFileReference; fileEncoding = 4; lastKnownFileType = sourcecode.c.h; path = AlarmSoundViewController.h; sourceTree = "<group>"; };
		609FA49011611B18004FFB65 /* AlarmSoundViewController.mm */ = {isa = PBXFileReference; fileEncoding = 4; lastKnownFileType = sourcecode.cpp.objcpp; path = AlarmSoundViewController.mm; sourceTree = "<group>"; };
		609FA49111611B18004FFB65 /* AlarmSoundViewController.xib */ = {isa = PBXFileReference; lastKnownFileType = file.xib; path = AlarmSoundViewController.xib; sourceTree = "<group>"; };
		609FA4A211612115004FFB65 /* alarms */ = {isa = PBXFileReference; lastKnownFileType = folder; path = alarms; sourceTree = "<group>"; };
		60BCC140115700A000844D6A /* SecondsView.h */ = {isa = PBXFileReference; fileEncoding = 4; lastKnownFileType = sourcecode.c.h; path = SecondsView.h; sourceTree = "<group>"; };
		60BCC141115700A000844D6A /* SecondsView.mm */ = {isa = PBXFileReference; fileEncoding = 4; lastKnownFileType = sourcecode.cpp.objcpp; path = SecondsView.mm; sourceTree = "<group>"; };
		60BCC1CA115712EB00844D6A /* tick.wav */ = {isa = PBXFileReference; lastKnownFileType = audio.wav; path = tick.wav; sourceTree = "<group>"; };
		60BCC1F61157166B00844D6A /* AVFoundation.framework */ = {isa = PBXFileReference; lastKnownFileType = wrapper.framework; name = AVFoundation.framework; path = System/Library/Frameworks/AVFoundation.framework; sourceTree = SDKROOT; };
		60CBFD6711567E980019B195 /* Default.png */ = {isa = PBXFileReference; lastKnownFileType = image.png; path = Default.png; sourceTree = "<group>"; };
		60CBFD831156810A0019B195 /* Icon.png */ = {isa = PBXFileReference; lastKnownFileType = image.png; path = Icon.png; sourceTree = "<group>"; };
		60DBB4881156A140001E7FB2 /* background.png */ = {isa = PBXFileReference; lastKnownFileType = image.png; path = background.png; sourceTree = "<group>"; };
		60DBB5351156B0B6001E7FB2 /* ClockView.h */ = {isa = PBXFileReference; fileEncoding = 4; lastKnownFileType = sourcecode.c.h; path = ClockView.h; sourceTree = "<group>"; };
		60DBB5361156B0B6001E7FB2 /* ClockView.mm */ = {isa = PBXFileReference; fileEncoding = 4; lastKnownFileType = sourcecode.cpp.objcpp; path = ClockView.mm; sourceTree = "<group>"; };
		60DBB6691156C8C2001E7FB2 /* ClockClockWindow.h */ = {isa = PBXFileReference; fileEncoding = 4; lastKnownFileType = sourcecode.c.h; path = ClockClockWindow.h; sourceTree = "<group>"; };
		60DBB66A1156C8C2001E7FB2 /* ClockClockWindow.mm */ = {isa = PBXFileReference; fileEncoding = 4; lastKnownFileType = sourcecode.cpp.objcpp; path = ClockClockWindow.mm; sourceTree = "<group>"; };
		60F320311168BB6F00B1FF60 /* Config.h */ = {isa = PBXFileReference; fileEncoding = 4; lastKnownFileType = sourcecode.c.h; path = Config.h; sourceTree = "<group>"; };
		60F3218A116904DF00B1FF60 /* AudioToolbox.framework */ = {isa = PBXFileReference; lastKnownFileType = wrapper.framework; name = AudioToolbox.framework; path = System/Library/Frameworks/AudioToolbox.framework; sourceTree = SDKROOT; };
		8D1107310486CEB800E47090 /* ClockClock-Info.plist */ = {isa = PBXFileReference; fileEncoding = 4; lastKnownFileType = text.plist.xml; path = "ClockClock-Info.plist"; plistStructureDefinitionIdentifier = "com.apple.xcode.plist.structure-definition.iphone.info-plist"; sourceTree = "<group>"; };
/* End PBXFileReference section */

/* Begin PBXFrameworksBuildPhase section */
		1D60588F0D05DD3D006BFB54 /* Frameworks */ = {
			isa = PBXFrameworksBuildPhase;
			buildActionMask = 2147483647;
			files = (
				1D60589F0D05DD5A006BFB54 /* Foundation.framework in Frameworks */,
				1DF5F4E00D08C38300B7A737 /* UIKit.framework in Frameworks */,
				288765A50DF7441C002DB57D /* CoreGraphics.framework in Frameworks */,
				60BCC1F71157166B00844D6A /* AVFoundation.framework in Frameworks */,
				60F3218B116904DF00B1FF60 /* AudioToolbox.framework in Frameworks */,
			);
			runOnlyForDeploymentPostprocessing = 0;
		};
/* End PBXFrameworksBuildPhase section */

/* Begin PBXGroup section */
		080E96DDFE201D6D7F000001 /* Classes */ = {
			isa = PBXGroup;
			children = (
				609FA3071160EB93004FFB65 /* AlarmNameViewController.h */,
				609FA3081160EB93004FFB65 /* AlarmNameViewController.mm */,
				609FA2EB1160E89F004FFB65 /* AlarmRepeatViewController.h */,
				609FA2EC1160E89F004FFB65 /* AlarmRepeatViewController.mm */,
				609FA48F11611B18004FFB65 /* AlarmSoundViewController.h */,
				609FA49011611B18004FFB65 /* AlarmSoundViewController.mm */,
				609FA28B1160D925004FFB65 /* AlarmTimeViewController.h */,
				609FA28C1160D925004FFB65 /* AlarmTimeViewController.mm */,
				609FA2961160DB56004FFB65 /* AlarmViewController.h */,
				609FA2971160DB56004FFB65 /* AlarmViewController.mm */,
				1D3623240D0F684500981E51 /* ClockClockAppDelegate.h */,
				1D3623250D0F684500981E51 /* ClockClockAppDelegate.mm */,
				28D7ACF60DDB3853001CB0EB /* ClockClockViewController.h */,
				28D7ACF70DDB3853001CB0EB /* ClockClockViewController.mm */,
				60DBB6691156C8C2001E7FB2 /* ClockClockWindow.h */,
				60DBB66A1156C8C2001E7FB2 /* ClockClockWindow.mm */,
				60DBB5351156B0B6001E7FB2 /* ClockView.h */,
				60DBB5361156B0B6001E7FB2 /* ClockView.mm */,
				60BCC140115700A000844D6A /* SecondsView.h */,
				60BCC141115700A000844D6A /* SecondsView.mm */,
				609FA05A11602BCC004FFB65 /* Settings.h */,
				609FA1771160BAE7004FFB65 /* Settings.mm */,
				609F9F59115FF7FA004FFB65 /* SettingsViewController.h */,
				609F9F5A115FF7FA004FFB65 /* SettingsViewController.mm */,
				6071B1651166E26500F61445 /* Utils.h */,
				6071B1641166E26500F61445 /* Utils.mm */,
				60F320311168BB6F00B1FF60 /* Config.h */,
			);
			path = Classes;
			sourceTree = "<group>";
		};
		19C28FACFE9D520D11CA2CBB /* Products */ = {
			isa = PBXGroup;
			children = (
				1D6058910D05DD3D006BFB54 /* ClockClock.app */,
			);
			name = Products;
			sourceTree = "<group>";
		};
		29B97314FDCFA39411CA2CEA /* CustomTemplate */ = {
			isa = PBXGroup;
			children = (
				60DBB4871156A140001E7FB2 /* data */,
				080E96DDFE201D6D7F000001 /* Classes */,
				29B97315FDCFA39411CA2CEA /* Other Sources */,
				29B97317FDCFA39411CA2CEA /* Resources */,
				29B97323FDCFA39411CA2CEA /* Frameworks */,
				19C28FACFE9D520D11CA2CBB /* Products */,
			);
			name = CustomTemplate;
			sourceTree = "<group>";
		};
		29B97315FDCFA39411CA2CEA /* Other Sources */ = {
			isa = PBXGroup;
			children = (
				32CA4F630368D1EE00C91783 /* ClockClock_Prefix.pch */,
				29B97316FDCFA39411CA2CEA /* main.m */,
			);
			name = "Other Sources";
			sourceTree = "<group>";
		};
		29B97317FDCFA39411CA2CEA /* Resources */ = {
			isa = PBXGroup;
			children = (
				609FA3091160EB93004FFB65 /* AlarmNameViewController.xib */,
				609FA2ED1160E89F004FFB65 /* AlarmRepeatViewController.xib */,
				609FA49111611B18004FFB65 /* AlarmSoundViewController.xib */,
				609FA28D1160D925004FFB65 /* AlarmTimeViewController.xib */,
				609FA2981160DB56004FFB65 /* AlarmViewController.xib */,
				8D1107310486CEB800E47090 /* ClockClock-Info.plist */,
				2899E5210DE3E06400AC0155 /* ClockClockViewController.xib */,
				60CBFD6711567E980019B195 /* Default.png */,
				60CBFD831156810A0019B195 /* Icon.png */,
				28AD733E0D9D9553002E5188 /* MainWindow.xib */,
				609F9F5B115FF7FA004FFB65 /* SettingsViewController.xib */,
			);
			name = Resources;
			sourceTree = "<group>";
		};
		29B97323FDCFA39411CA2CEA /* Frameworks */ = {
			isa = PBXGroup;
			children = (
				60F3218A116904DF00B1FF60 /* AudioToolbox.framework */,
				60BCC1F61157166B00844D6A /* AVFoundation.framework */,
				1DF5F4DF0D08C38300B7A737 /* UIKit.framework */,
				1D30AB110D05D00D00671497 /* Foundation.framework */,
				288765A40DF7441C002DB57D /* CoreGraphics.framework */,
			);
			name = Frameworks;
			sourceTree = "<group>";
		};
		60DBB4871156A140001E7FB2 /* data */ = {
			isa = PBXGroup;
			children = (
				609FA4A211612115004FFB65 /* alarms */,
				60BCC1CA115712EB00844D6A /* tick.wav */,
				60DBB4881156A140001E7FB2 /* background.png */,
			);
			path = data;
			sourceTree = "<group>";
		};
/* End PBXGroup section */

/* Begin PBXNativeTarget section */
		1D6058900D05DD3D006BFB54 /* ClockClock */ = {
			isa = PBXNativeTarget;
			buildConfigurationList = 1D6058960D05DD3E006BFB54 /* Build configuration list for PBXNativeTarget "ClockClock" */;
			buildPhases = (
				1D60588D0D05DD3D006BFB54 /* Resources */,
				1D60588E0D05DD3D006BFB54 /* Sources */,
				1D60588F0D05DD3D006BFB54 /* Frameworks */,
			);
			buildRules = (
			);
			dependencies = (
			);
			name = ClockClock;
			productName = ClockClock;
			productReference = 1D6058910D05DD3D006BFB54 /* ClockClock.app */;
			productType = "com.apple.product-type.application";
		};
/* End PBXNativeTarget section */

/* Begin PBXProject section */
		29B97313FDCFA39411CA2CEA /* Project object */ = {
			isa = PBXProject;
			buildConfigurationList = C01FCF4E08A954540054247B /* Build configuration list for PBXProject "ClockClock" */;
			compatibilityVersion = "Xcode 3.1";
			hasScannedForEncodings = 1;
			mainGroup = 29B97314FDCFA39411CA2CEA /* CustomTemplate */;
			projectDirPath = "";
			projectRoot = "";
			targets = (
				1D6058900D05DD3D006BFB54 /* ClockClock */,
			);
		};
/* End PBXProject section */

/* Begin PBXResourcesBuildPhase section */
		1D60588D0D05DD3D006BFB54 /* Resources */ = {
			isa = PBXResourcesBuildPhase;
			buildActionMask = 2147483647;
			files = (
				28AD733F0D9D9553002E5188 /* MainWindow.xib in Resources */,
				2899E5220DE3E06400AC0155 /* ClockClockViewController.xib in Resources */,
				60CBFD6811567E980019B195 /* Default.png in Resources */,
				60CBFD841156810A0019B195 /* Icon.png in Resources */,
				60DBB4891156A140001E7FB2 /* background.png in Resources */,
				60BCC1CB115712EB00844D6A /* tick.wav in Resources */,
				609F9F5D115FF7FA004FFB65 /* SettingsViewController.xib in Resources */,
				609FA28F1160D925004FFB65 /* AlarmTimeViewController.xib in Resources */,
				609FA29A1160DB56004FFB65 /* AlarmViewController.xib in Resources */,
				609FA2EF1160E89F004FFB65 /* AlarmRepeatViewController.xib in Resources */,
				609FA30B1160EB93004FFB65 /* AlarmNameViewController.xib in Resources */,
				609FA49311611B18004FFB65 /* AlarmSoundViewController.xib in Resources */,
				609FA4A611612115004FFB65 /* alarms in Resources */,
			);
			runOnlyForDeploymentPostprocessing = 0;
		};
/* End PBXResourcesBuildPhase section */

/* Begin PBXSourcesBuildPhase section */
		1D60588E0D05DD3D006BFB54 /* Sources */ = {
			isa = PBXSourcesBuildPhase;
			buildActionMask = 2147483647;
			files = (
				1D60589B0D05DD56006BFB54 /* main.m in Sources */,
				1D3623260D0F684500981E51 /* ClockClockAppDelegate.mm in Sources */,
				28D7ACF80DDB3853001CB0EB /* ClockClockViewController.mm in Sources */,
				60DBB5371156B0B6001E7FB2 /* ClockView.mm in Sources */,
				60DBB66B1156C8C2001E7FB2 /* ClockClockWindow.mm in Sources */,
				60BCC142115700A000844D6A /* SecondsView.mm in Sources */,
				609F9F5C115FF7FA004FFB65 /* SettingsViewController.mm in Sources */,
				609FA1781160BAE7004FFB65 /* Settings.mm in Sources */,
				609FA28E1160D925004FFB65 /* AlarmTimeViewController.mm in Sources */,
				609FA2991160DB56004FFB65 /* AlarmViewController.mm in Sources */,
				609FA2EE1160E89F004FFB65 /* AlarmRepeatViewController.mm in Sources */,
				609FA30A1160EB93004FFB65 /* AlarmNameViewController.mm in Sources */,
				609FA49211611B18004FFB65 /* AlarmSoundViewController.mm in Sources */,
				6071B1661166E26500F61445 /* Utils.mm in Sources */,
			);
			runOnlyForDeploymentPostprocessing = 0;
		};
/* End PBXSourcesBuildPhase section */

/* Begin XCBuildConfiguration section */
		1D6058940D05DD3E006BFB54 /* Debug */ = {
			isa = XCBuildConfiguration;
			buildSettings = {
				ALWAYS_SEARCH_USER_PATHS = NO;
				COPY_PHASE_STRIP = NO;
				GCC_DYNAMIC_NO_PIC = NO;
				GCC_OPTIMIZATION_LEVEL = 0;
				GCC_PRECOMPILE_PREFIX_HEADER = YES;
				GCC_PREFIX_HEADER = ClockClock_Prefix.pch;
				INFOPLIST_FILE = "ClockClock-Info.plist";
				PRODUCT_NAME = ClockClock;
			};
			name = Debug;
		};
		1D6058950D05DD3E006BFB54 /* Release */ = {
			isa = XCBuildConfiguration;
			buildSettings = {
				ALWAYS_SEARCH_USER_PATHS = NO;
				COPY_PHASE_STRIP = YES;
				GCC_PRECOMPILE_PREFIX_HEADER = YES;
				GCC_PREFIX_HEADER = ClockClock_Prefix.pch;
				INFOPLIST_FILE = "ClockClock-Info.plist";
				PRODUCT_NAME = ClockClock;
			};
			name = Release;
		};
		60BCC3E01158344800844D6A /* Distribution */ = {
			isa = XCBuildConfiguration;
			buildSettings = {
				ARCHS = "$(ARCHS_STANDARD_32_BIT)";
				"CODE_SIGN_IDENTITY[sdk=iphoneos*]" = "iPhone Distribution: Dmitry Yakimenko";
				GCC_C_LANGUAGE_STANDARD = c99;
				GCC_WARN_ABOUT_RETURN_TYPE = YES;
				GCC_WARN_UNUSED_VARIABLE = YES;
				IPHONEOS_DEPLOYMENT_TARGET = 3.0;
				PREBINDING = NO;
				"PROVISIONING_PROFILE[sdk=iphoneos*]" = "A8BAC5C9-BF2F-4A73-B922-B4A3B2F85CCD";
				SDKROOT = iphoneos3.1;
			};
			name = Distribution;
		};
		60BCC3E11158344800844D6A /* Distribution */ = {
			isa = XCBuildConfiguration;
			buildSettings = {
				ALWAYS_SEARCH_USER_PATHS = NO;
				COPY_PHASE_STRIP = YES;
				GCC_PRECOMPILE_PREFIX_HEADER = YES;
				GCC_PREFIX_HEADER = ClockClock_Prefix.pch;
				INFOPLIST_FILE = "ClockClock-Info.plist";
				PRODUCT_NAME = ClockClock;
			};
			name = Distribution;
		};
		C01FCF4F08A954540054247B /* Debug */ = {
			isa = XCBuildConfiguration;
			buildSettings = {
				ARCHS = "$(ARCHS_STANDARD_32_BIT)";
				"CODE_SIGN_IDENTITY[sdk=iphoneos*]" = "iPhone Developer";
				GCC_C_LANGUAGE_STANDARD = c99;
				GCC_WARN_ABOUT_RETURN_TYPE = YES;
				GCC_WARN_UNUSED_VARIABLE = YES;
				IPHONEOS_DEPLOYMENT_TARGET = 3.0;
				PREBINDING = NO;
				"PROVISIONING_PROFILE[sdk=iphoneos*]" = "";
				SDKROOT = iphoneos3.1;
			};
			name = Debug;
		};
		C01FCF5008A954540054247B /* Release */ = {
			isa = XCBuildConfiguration;
			buildSettings = {
				ARCHS = "$(ARCHS_STANDARD_32_BIT)";
				"CODE_SIGN_IDENTITY[sdk=iphoneos*]" = "iPhone Developer";
				GCC_C_LANGUAGE_STANDARD = c99;
				GCC_WARN_ABOUT_RETURN_TYPE = YES;
				GCC_WARN_UNUSED_VARIABLE = YES;
				IPHONEOS_DEPLOYMENT_TARGET = 3.0;
				PREBINDING = NO;
				"PROVISIONING_PROFILE[sdk=iphoneos*]" = "";
				SDKROOT = iphoneos3.1;
			};
			name = Release;
		};
/* End XCBuildConfiguration section */

/* Begin XCConfigurationList section */
		1D6058960D05DD3E006BFB54 /* Build configuration list for PBXNativeTarget "ClockClock" */ = {
			isa = XCConfigurationList;
			buildConfigurations = (
				1D6058940D05DD3E006BFB54 /* Debug */,
				1D6058950D05DD3E006BFB54 /* Release */,
				60BCC3E11158344800844D6A /* Distribution */,
			);
			defaultConfigurationIsVisible = 0;
			defaultConfigurationName = Release;
		};
		C01FCF4E08A954540054247B /* Build configuration list for PBXProject "ClockClock" */ = {
			isa = XCConfigurationList;
			buildConfigurations = (
				C01FCF4F08A954540054247B /* Debug */,
				C01FCF5008A954540054247B /* Release */,
				60BCC3E01158344800844D6A /* Distribution */,
			);
			defaultConfigurationIsVisible = 0;
			defaultConfigurationName = Release;
		};
/* End XCConfigurationList section */
	};
	rootObject = 29B97313FDCFA39411CA2CEA /* Project object */;
}
